
Microsoft Visual Studio Solution File, Format Version 12.00
Project("{FAE04EC0-301F-11D3-BF4B-00C04F79EFBC}") = "Projeto de Gestao de Transacoes Imobiliarias", "projecto-de-gestao-de-transacoes-imobiliarias\projeto-de-gestao-de-transacoes-imobiliarias.csproj", "{88749CD3-38F5-42CA-B0D6-9EB3CCFB46F0}"
EndProject
Global
	GlobalSection(SolutionConfigurationPlatforms) = preSolution
		Debug|Any CPU = Debug|Any CPU
		Release|Any CPU = Release|Any CPU
	EndGlobalSection
	GlobalSection(ProjectConfigurationPlatforms) = postSolution
		{88749CD3-38F5-42CA-B0D6-9EB3CCFB46F0}.Debug|Any CPU.ActiveCfg = Debug|Any CPU
		{88749CD3-38F5-42CA-B0D6-9EB3CCFB46F0}.Debug|Any CPU.Build.0 = Debug|Any CPU
		{88749CD3-38F5-42CA-B0D6-9EB3CCFB46F0}.Release|Any CPU.ActiveCfg = Release|Any CPU
		{88749CD3-38F5-42CA-B0D6-9EB3CCFB46F0}.Release|Any CPU.Build.0 = Release|Any CPU
	EndGlobalSection
EndGlobal
